
Microsoft Visual Studio Solution File, Format Version 12.00
# Visual Studio Version 16
VisualStudioVersion = 16.0.30002.166
MinimumVisualStudioVersion = 10.0.40219.1
Project("{FAE04EC0-301F-11D3-BF4B-00C04F79EFBC}") = "MyFileManager", "MyFileManager.csproj", "{4FE14BE7-0634-45A3-AD91-603EF8895884}"
EndProject
Global
	GlobalSection(SolutionConfigurationPlatforms) = preSolution
		Debug|Any CPU = Debug|Any CPU
		Release|Any CPU = Release|Any CPU
	EndGlobalSection
	GlobalSection(ProjectConfigurationPlatforms) = postSolution
		{4FE14BE7-0634-45A3-AD91-603EF8895884}.Debug|Any CPU.ActiveCfg = Debug|Any CPU
		{4FE14BE7-0634-45A3-AD91-603EF8895884}.Debug|Any CPU.Build.0 = Debug|Any CPU
		{4FE14BE7-0634-45A3-AD91-603EF8895884}.Release|Any CPU.ActiveCfg = Release|Any CPU
		{4FE14BE7-0634-45A3-AD91-603EF8895884}.Release|Any CPU.Build.0 = Release|Any CPU
	EndGlobalSection
	GlobalSection(SolutionProperties) = preSolution
		HideSolutionNode = FALSE
	EndGlobalSection
	GlobalSection(ExtensibilityGlobals) = postSolution
		SolutionGuid = {7958C9AA-B2FE-4718-B079-919B8C1462FB}
	EndGlobalSection
EndGlobal
